// !$*UTF8*$!
{
	archiveVersion = 1;
	classes = {
	};
	objectVersion = 46;
	objects = {

/* Begin PBXBuildFile section */
		A473C24F1E5E35530022AF39 /* GazeDemo7Tests.m in Sources */ = {isa = PBXBuildFile; fileRef = A473C24E1E5E35530022AF39 /* GazeDemo7Tests.m */; };
		A473C25A1E5E35530022AF39 /* GazeDemo7UITests.m in Sources */ = {isa = PBXBuildFile; fileRef = A473C2591E5E35530022AF39 /* GazeDemo7UITests.m */; };
		A473C26C1E5E35DD0022AF39 /* imagenet_comp_graph_label_strings.txt in Resources */ = {isa = PBXBuildFile; fileRef = A473C26A1E5E35DD0022AF39 /* imagenet_comp_graph_label_strings.txt */; };
		A473C26D1E5E35DD0022AF39 /* tensorflow_inception_graph.pb in Resources */ = {isa = PBXBuildFile; fileRef = A473C26B1E5E35DD0022AF39 /* tensorflow_inception_graph.pb */; };
		A473C2731E5E36770022AF39 /* grace_hopper.jpg in Resources */ = {isa = PBXBuildFile; fileRef = A473C2721E5E36770022AF39 /* grace_hopper.jpg */; };
		A473C2751E5E368C0022AF39 /* MainStoryboard_iPhone.storyboard in Resources */ = {isa = PBXBuildFile; fileRef = A473C2741E5E368C0022AF39 /* MainStoryboard_iPhone.storyboard */; };
		A473C2801E5E36960022AF39 /* CameraExampleAppDelegate.m in Sources */ = {isa = PBXBuildFile; fileRef = A473C2771E5E36960022AF39 /* CameraExampleAppDelegate.m */; };
		A473C2811E5E36960022AF39 /* CameraExampleViewController.mm in Sources */ = {isa = PBXBuildFile; fileRef = A473C2791E5E36960022AF39 /* CameraExampleViewController.mm */; };
		A473C2831E5E36960022AF39 /* ios_image_load.mm in Sources */ = {isa = PBXBuildFile; fileRef = A473C27C1E5E36960022AF39 /* ios_image_load.mm */; };
		A473C2841E5E36960022AF39 /* main.mm in Sources */ = {isa = PBXBuildFile; fileRef = A473C27D1E5E36960022AF39 /* main.mm */; };
		A473C2851E5E36960022AF39 /* tensorflow_utils.mm in Sources */ = {isa = PBXBuildFile; fileRef = A473C27E1E5E36960022AF39 /* tensorflow_utils.mm */; };
		A473C28E1E5E36E60022AF39 /* Accelerate.framework in Frameworks */ = {isa = PBXBuildFile; fileRef = A473C2871E5E36E60022AF39 /* Accelerate.framework */; };
		A473C28F1E5E36E60022AF39 /* AssetsLibrary.framework in Frameworks */ = {isa = PBXBuildFile; fileRef = A473C2881E5E36E60022AF39 /* AssetsLibrary.framework */; };
		A473C2901E5E36E60022AF39 /* AVFoundation.framework in Frameworks */ = {isa = PBXBuildFile; fileRef = A473C2891E5E36E60022AF39 /* AVFoundation.framework */; };
		A473C2911E5E36E60022AF39 /* CoreGraphics.framework in Frameworks */ = {isa = PBXBuildFile; fileRef = A473C28A1E5E36E60022AF39 /* CoreGraphics.framework */; };
		A473C2921E5E36E60022AF39 /* CoreMedia.framework in Frameworks */ = {isa = PBXBuildFile; fileRef = A473C28B1E5E36E60022AF39 /* CoreMedia.framework */; };
		A473C2931E5E36E60022AF39 /* Foundation.framework in Frameworks */ = {isa = PBXBuildFile; fileRef = A473C28C1E5E36E60022AF39 /* Foundation.framework */; };
		A473C2941E5E36E60022AF39 /* ImageIO.framework in Frameworks */ = {isa = PBXBuildFile; fileRef = A473C28D1E5E36E60022AF39 /* ImageIO.framework */; };
		A473C2971E5E370B0022AF39 /* libprotobuf-lite.a in Frameworks */ = {isa = PBXBuildFile; fileRef = A473C2951E5E370B0022AF39 /* libprotobuf-lite.a */; };
		A473C2981E5E370B0022AF39 /* libprotobuf.a in Frameworks */ = {isa = PBXBuildFile; fileRef = A473C2961E5E370B0022AF39 /* libprotobuf.a */; };
		A473C29A1E5E3C230022AF39 /* Images.xcassets in Resources */ = {isa = PBXBuildFile; fileRef = A473C2991E5E3C230022AF39 /* Images.xcassets */; };
/* End PBXBuildFile section */

/* Begin PBXContainerItemProxy section */
		A473C24B1E5E35530022AF39 /* PBXContainerItemProxy */ = {
			isa = PBXContainerItemProxy;
			containerPortal = A473C2291E5E35520022AF39 /* Project object */;
			proxyType = 1;
			remoteGlobalIDString = A473C2301E5E35530022AF39;
			remoteInfo = GazeDemo7;
		};
		A473C2561E5E35530022AF39 /* PBXContainerItemProxy */ = {
			isa = PBXContainerItemProxy;
			containerPortal = A473C2291E5E35520022AF39 /* Project object */;
			proxyType = 1;
			remoteGlobalIDString = A473C2301E5E35530022AF39;
			remoteInfo = GazeDemo7;
		};
/* End PBXContainerItemProxy section */

/* Begin PBXFileReference section */
		A473C2311E5E35530022AF39 /* GazeDemo7.app */ = {isa = PBXFileReference; explicitFileType = wrapper.application; includeInIndex = 0; path = GazeDemo7.app; sourceTree = BUILT_PRODUCTS_DIR; };
		A473C24A1E5E35530022AF39 /* GazeDemo7Tests.xctest */ = {isa = PBXFileReference; explicitFileType = wrapper.cfbundle; includeInIndex = 0; path = GazeDemo7Tests.xctest; sourceTree = BUILT_PRODUCTS_DIR; };
		A473C24E1E5E35530022AF39 /* GazeDemo7Tests.m */ = {isa = PBXFileReference; lastKnownFileType = sourcecode.c.objc; path = GazeDemo7Tests.m; sourceTree = "<group>"; };
		A473C2501E5E35530022AF39 /* Info.plist */ = {isa = PBXFileReference; lastKnownFileType = text.plist.xml; path = Info.plist; sourceTree = "<group>"; };
		A473C2551E5E35530022AF39 /* GazeDemo7UITests.xctest */ = {isa = PBXFileReference; explicitFileType = wrapper.cfbundle; includeInIndex = 0; path = GazeDemo7UITests.xctest; sourceTree = BUILT_PRODUCTS_DIR; };
		A473C2591E5E35530022AF39 /* GazeDemo7UITests.m */ = {isa = PBXFileReference; lastKnownFileType = sourcecode.c.objc; path = GazeDemo7UITests.m; sourceTree = "<group>"; };
		A473C25B1E5E35530022AF39 /* Info.plist */ = {isa = PBXFileReference; lastKnownFileType = text.plist.xml; path = Info.plist; sourceTree = "<group>"; };
		A473C26A1E5E35DD0022AF39 /* imagenet_comp_graph_label_strings.txt */ = {isa = PBXFileReference; fileEncoding = 4; lastKnownFileType = text; name = imagenet_comp_graph_label_strings.txt; path = ../../../graphs/inception/imagenet_comp_graph_label_strings.txt; sourceTree = "<group>"; };
		A473C26B1E5E35DD0022AF39 /* tensorflow_inception_graph.pb */ = {isa = PBXFileReference; lastKnownFileType = file; name = tensorflow_inception_graph.pb; path = ../../../graphs/inception/tensorflow_inception_graph.pb; sourceTree = "<group>"; };
		A473C2721E5E36770022AF39 /* grace_hopper.jpg */ = {isa = PBXFileReference; lastKnownFileType = image.jpeg; name = grace_hopper.jpg; path = ../../../tensorflow/tensorflow/contrib/pi_examples/label_image/data/grace_hopper.jpg; sourceTree = "<group>"; };
		A473C2741E5E368C0022AF39 /* MainStoryboard_iPhone.storyboard */ = {isa = PBXFileReference; fileEncoding = 4; lastKnownFileType = file.storyboard; path = MainStoryboard_iPhone.storyboard; sourceTree = "<group>"; };
		A473C2761E5E36960022AF39 /* CameraExampleAppDelegate.h */ = {isa = PBXFileReference; fileEncoding = 4; lastKnownFileType = sourcecode.c.h; path = CameraExampleAppDelegate.h; sourceTree = "<group>"; };
		A473C2771E5E36960022AF39 /* CameraExampleAppDelegate.m */ = {isa = PBXFileReference; fileEncoding = 4; lastKnownFileType = sourcecode.c.objc; path = CameraExampleAppDelegate.m; sourceTree = "<group>"; };
		A473C2781E5E36960022AF39 /* CameraExampleViewController.h */ = {isa = PBXFileReference; fileEncoding = 4; lastKnownFileType = sourcecode.c.h; path = CameraExampleViewController.h; sourceTree = "<group>"; };
		A473C2791E5E36960022AF39 /* CameraExampleViewController.mm */ = {isa = PBXFileReference; fileEncoding = 4; lastKnownFileType = sourcecode.cpp.objcpp; path = CameraExampleViewController.mm; sourceTree = "<group>"; };
		A473C27A1E5E36960022AF39 /* Info.plist */ = {isa = PBXFileReference; fileEncoding = 4; lastKnownFileType = text.plist.xml; path = Info.plist; sourceTree = "<group>"; };
		A473C27B1E5E36960022AF39 /* ios_image_load.h */ = {isa = PBXFileReference; fileEncoding = 4; lastKnownFileType = sourcecode.c.h; path = ios_image_load.h; sourceTree = "<group>"; };
		A473C27C1E5E36960022AF39 /* ios_image_load.mm */ = {isa = PBXFileReference; fileEncoding = 4; lastKnownFileType = sourcecode.cpp.objcpp; path = ios_image_load.mm; sourceTree = "<group>"; };
		A473C27D1E5E36960022AF39 /* main.mm */ = {isa = PBXFileReference; fileEncoding = 4; lastKnownFileType = sourcecode.cpp.objcpp; path = main.mm; sourceTree = "<group>"; };
		A473C27E1E5E36960022AF39 /* tensorflow_utils.mm */ = {isa = PBXFileReference; fileEncoding = 4; lastKnownFileType = sourcecode.cpp.objcpp; path = tensorflow_utils.mm; sourceTree = "<group>"; };
		A473C27F1E5E36960022AF39 /* tensorflow_utils.h */ = {isa = PBXFileReference; fileEncoding = 4; lastKnownFileType = sourcecode.c.h; path = tensorflow_utils.h; sourceTree = "<group>"; };
		A473C2871E5E36E60022AF39 /* Accelerate.framework */ = {isa = PBXFileReference; lastKnownFileType = wrapper.framework; name = Accelerate.framework; path = System/Library/Frameworks/Accelerate.framework; sourceTree = SDKROOT; };
		A473C2881E5E36E60022AF39 /* AssetsLibrary.framework */ = {isa = PBXFileReference; lastKnownFileType = wrapper.framework; name = AssetsLibrary.framework; path = System/Library/Frameworks/AssetsLibrary.framework; sourceTree = SDKROOT; };
		A473C2891E5E36E60022AF39 /* AVFoundation.framework */ = {isa = PBXFileReference; lastKnownFileType = wrapper.framework; name = AVFoundation.framework; path = System/Library/Frameworks/AVFoundation.framework; sourceTree = SDKROOT; };
		A473C28A1E5E36E60022AF39 /* CoreGraphics.framework */ = {isa = PBXFileReference; lastKnownFileType = wrapper.framework; name = CoreGraphics.framework; path = System/Library/Frameworks/CoreGraphics.framework; sourceTree = SDKROOT; };
		A473C28B1E5E36E60022AF39 /* CoreMedia.framework */ = {isa = PBXFileReference; lastKnownFileType = wrapper.framework; name = CoreMedia.framework; path = System/Library/Frameworks/CoreMedia.framework; sourceTree = SDKROOT; };
		A473C28C1E5E36E60022AF39 /* Foundation.framework */ = {isa = PBXFileReference; lastKnownFileType = wrapper.framework; name = Foundation.framework; path = System/Library/Frameworks/Foundation.framework; sourceTree = SDKROOT; };
		A473C28D1E5E36E60022AF39 /* ImageIO.framework */ = {isa = PBXFileReference; lastKnownFileType = wrapper.framework; name = ImageIO.framework; path = System/Library/Frameworks/ImageIO.framework; sourceTree = SDKROOT; };
		A473C2951E5E370B0022AF39 /* libprotobuf-lite.a */ = {isa = PBXFileReference; lastKnownFileType = archive.ar; name = "libprotobuf-lite.a"; path = "../../tensorflow/tensorflow/contrib/makefile/gen/protobuf_ios/lib/libprotobuf-lite.a"; sourceTree = "<group>"; };
		A473C2961E5E370B0022AF39 /* libprotobuf.a */ = {isa = PBXFileReference; lastKnownFileType = archive.ar; name = libprotobuf.a; path = ../../tensorflow/tensorflow/contrib/makefile/gen/protobuf_ios/lib/libprotobuf.a; sourceTree = "<group>"; };
		A473C2991E5E3C230022AF39 /* Images.xcassets */ = {isa = PBXFileReference; lastKnownFileType = folder.assetcatalog; path = Images.xcassets; sourceTree = "<group>"; };
/* End PBXFileReference section */

/* Begin PBXFrameworksBuildPhase section */
		A473C22E1E5E35530022AF39 /* Frameworks */ = {
			isa = PBXFrameworksBuildPhase;
			buildActionMask = 2147483647;
			files = (
				A473C2971E5E370B0022AF39 /* libprotobuf-lite.a in Frameworks */,
				A473C2981E5E370B0022AF39 /* libprotobuf.a in Frameworks */,
				A473C28E1E5E36E60022AF39 /* Accelerate.framework in Frameworks */,
				A473C28F1E5E36E60022AF39 /* AssetsLibrary.framework in Frameworks */,
				A473C2901E5E36E60022AF39 /* AVFoundation.framework in Frameworks */,
				A473C2911E5E36E60022AF39 /* CoreGraphics.framework in Frameworks */,
				A473C2921E5E36E60022AF39 /* CoreMedia.framework in Frameworks */,
				A473C2931E5E36E60022AF39 /* Foundation.framework in Frameworks */,
				A473C2941E5E36E60022AF39 /* ImageIO.framework in Frameworks */,
			);
			runOnlyForDeploymentPostprocessing = 0;
		};
		A473C2471E5E35530022AF39 /* Frameworks */ = {
			isa = PBXFrameworksBuildPhase;
			buildActionMask = 2147483647;
			files = (
			);
			runOnlyForDeploymentPostprocessing = 0;
		};
		A473C2521E5E35530022AF39 /* Frameworks */ = {
			isa = PBXFrameworksBuildPhase;
			buildActionMask = 2147483647;
			files = (
			);
			runOnlyForDeploymentPostprocessing = 0;
		};
/* End PBXFrameworksBuildPhase section */

/* Begin PBXGroup section */
		A473C2281E5E35520022AF39 = {
			isa = PBXGroup;
			children = (
				A473C2331E5E35530022AF39 /* GazeDemo7 */,
				A473C24D1E5E35530022AF39 /* GazeDemo7Tests */,
				A473C2581E5E35530022AF39 /* GazeDemo7UITests */,
				A473C2321E5E35530022AF39 /* Products */,
			);
			sourceTree = "<group>";
		};
		A473C2321E5E35530022AF39 /* Products */ = {
			isa = PBXGroup;
			children = (
				A473C2311E5E35530022AF39 /* GazeDemo7.app */,
				A473C24A1E5E35530022AF39 /* GazeDemo7Tests.xctest */,
				A473C2551E5E35530022AF39 /* GazeDemo7UITests.xctest */,
			);
			name = Products;
			sourceTree = "<group>";
		};
		A473C2331E5E35530022AF39 /* GazeDemo7 */ = {
			isa = PBXGroup;
			children = (
				A473C2671E5E358B0022AF39 /* Data */,
				A473C2681E5E35940022AF39 /* en.lproj */,
				A473C2761E5E36960022AF39 /* CameraExampleAppDelegate.h */,
				A473C2771E5E36960022AF39 /* CameraExampleAppDelegate.m */,
				A473C2781E5E36960022AF39 /* CameraExampleViewController.h */,
				A473C2791E5E36960022AF39 /* CameraExampleViewController.mm */,
				A473C27A1E5E36960022AF39 /* Info.plist */,
				A473C27B1E5E36960022AF39 /* ios_image_load.h */,
				A473C27C1E5E36960022AF39 /* ios_image_load.mm */,
				A473C27D1E5E36960022AF39 /* main.mm */,
				A473C27E1E5E36960022AF39 /* tensorflow_utils.mm */,
				A473C27F1E5E36960022AF39 /* tensorflow_utils.h */,
				A473C2861E5E36E50022AF39 /* Frameworks */,
				A473C2991E5E3C230022AF39 /* Images.xcassets */,
			);
			path = GazeDemo7;
			sourceTree = "<group>";
		};
		A473C24D1E5E35530022AF39 /* GazeDemo7Tests */ = {
			isa = PBXGroup;
			children = (
				A473C24E1E5E35530022AF39 /* GazeDemo7Tests.m */,
				A473C2501E5E35530022AF39 /* Info.plist */,
			);
			path = GazeDemo7Tests;
			sourceTree = "<group>";
		};
		A473C2581E5E35530022AF39 /* GazeDemo7UITests */ = {
			isa = PBXGroup;
			children = (
				A473C2591E5E35530022AF39 /* GazeDemo7UITests.m */,
				A473C25B1E5E35530022AF39 /* Info.plist */,
			);
			path = GazeDemo7UITests;
			sourceTree = "<group>";
		};
		A473C2671E5E358B0022AF39 /* Data */ = {
			isa = PBXGroup;
			children = (
				A473C2721E5E36770022AF39 /* grace_hopper.jpg */,
				A473C26A1E5E35DD0022AF39 /* imagenet_comp_graph_label_strings.txt */,
				A473C26B1E5E35DD0022AF39 /* tensorflow_inception_graph.pb */,
			);
			name = Data;
			sourceTree = "<group>";
		};
		A473C2681E5E35940022AF39 /* en.lproj */ = {
			isa = PBXGroup;
			children = (
				A473C2741E5E368C0022AF39 /* MainStoryboard_iPhone.storyboard */,
			);
			name = en.lproj;
			sourceTree = "<group>";
		};
		A473C2861E5E36E50022AF39 /* Frameworks */ = {
			isa = PBXGroup;
			children = (
				A473C2951E5E370B0022AF39 /* libprotobuf-lite.a */,
				A473C2961E5E370B0022AF39 /* libprotobuf.a */,
				A473C2871E5E36E60022AF39 /* Accelerate.framework */,
				A473C2881E5E36E60022AF39 /* AssetsLibrary.framework */,
				A473C2891E5E36E60022AF39 /* AVFoundation.framework */,
				A473C28A1E5E36E60022AF39 /* CoreGraphics.framework */,
				A473C28B1E5E36E60022AF39 /* CoreMedia.framework */,
				A473C28C1E5E36E60022AF39 /* Foundation.framework */,
				A473C28D1E5E36E60022AF39 /* ImageIO.framework */,
			);
			name = Frameworks;
			path = ..;
			sourceTree = "<group>";
		};
/* End PBXGroup section */

/* Begin PBXNativeTarget section */
		A473C2301E5E35530022AF39 /* GazeDemo7 */ = {
			isa = PBXNativeTarget;
			buildConfigurationList = A473C25E1E5E35530022AF39 /* Build configuration list for PBXNativeTarget "GazeDemo7" */;
			buildPhases = (
				A473C22D1E5E35530022AF39 /* Sources */,
				A473C22E1E5E35530022AF39 /* Frameworks */,
				A473C22F1E5E35530022AF39 /* Resources */,
			);
			buildRules = (
			);
			dependencies = (
			);
			name = GazeDemo7;
			productName = GazeDemo7;
			productReference = A473C2311E5E35530022AF39 /* GazeDemo7.app */;
			productType = "com.apple.product-type.application";
		};
		A473C2491E5E35530022AF39 /* GazeDemo7Tests */ = {
			isa = PBXNativeTarget;
			buildConfigurationList = A473C2611E5E35530022AF39 /* Build configuration list for PBXNativeTarget "GazeDemo7Tests" */;
			buildPhases = (
				A473C2461E5E35530022AF39 /* Sources */,
				A473C2471E5E35530022AF39 /* Frameworks */,
				A473C2481E5E35530022AF39 /* Resources */,
			);
			buildRules = (
			);
			dependencies = (
				A473C24C1E5E35530022AF39 /* PBXTargetDependency */,
			);
			name = GazeDemo7Tests;
			productName = GazeDemo7Tests;
			productReference = A473C24A1E5E35530022AF39 /* GazeDemo7Tests.xctest */;
			productType = "com.apple.product-type.bundle.unit-test";
		};
		A473C2541E5E35530022AF39 /* GazeDemo7UITests */ = {
			isa = PBXNativeTarget;
			buildConfigurationList = A473C2641E5E35530022AF39 /* Build configuration list for PBXNativeTarget "GazeDemo7UITests" */;
			buildPhases = (
				A473C2511E5E35530022AF39 /* Sources */,
				A473C2521E5E35530022AF39 /* Frameworks */,
				A473C2531E5E35530022AF39 /* Resources */,
			);
			buildRules = (
			);
			dependencies = (
				A473C2571E5E35530022AF39 /* PBXTargetDependency */,
			);
			name = GazeDemo7UITests;
			productName = GazeDemo7UITests;
			productReference = A473C2551E5E35530022AF39 /* GazeDemo7UITests.xctest */;
			productType = "com.apple.product-type.bundle.ui-testing";
		};
/* End PBXNativeTarget section */

/* Begin PBXProject section */
		A473C2291E5E35520022AF39 /* Project object */ = {
			isa = PBXProject;
			attributes = {
				LastUpgradeCheck = 0820;
				ORGANIZATIONNAME = "Locus Tracking";
				TargetAttributes = {
					A473C2301E5E35530022AF39 = {
						CreatedOnToolsVersion = 8.2.1;
						DevelopmentTeam = 3CSCB23S83;
						ProvisioningStyle = Automatic;
					};
					A473C2491E5E35530022AF39 = {
						CreatedOnToolsVersion = 8.2.1;
						DevelopmentTeam = 3CSCB23S83;
						ProvisioningStyle = Automatic;
						TestTargetID = A473C2301E5E35530022AF39;
					};
					A473C2541E5E35530022AF39 = {
						CreatedOnToolsVersion = 8.2.1;
						DevelopmentTeam = 3CSCB23S83;
						ProvisioningStyle = Automatic;
						TestTargetID = A473C2301E5E35530022AF39;
					};
				};
			};
			buildConfigurationList = A473C22C1E5E35520022AF39 /* Build configuration list for PBXProject "GazeDemo7" */;
			compatibilityVersion = "Xcode 3.2";
			developmentRegion = English;
			hasScannedForEncodings = 0;
			knownRegions = (
				en,
				Base,
			);
			mainGroup = A473C2281E5E35520022AF39;
			productRefGroup = A473C2321E5E35530022AF39 /* Products */;
			projectDirPath = "";
			projectRoot = "";
			targets = (
				A473C2301E5E35530022AF39 /* GazeDemo7 */,
				A473C2491E5E35530022AF39 /* GazeDemo7Tests */,
				A473C2541E5E35530022AF39 /* GazeDemo7UITests */,
			);
		};
/* End PBXProject section */

/* Begin PBXResourcesBuildPhase section */
		A473C22F1E5E35530022AF39 /* Resources */ = {
			isa = PBXResourcesBuildPhase;
			buildActionMask = 2147483647;
			files = (
				A473C2731E5E36770022AF39 /* grace_hopper.jpg in Resources */,
				A473C29A1E5E3C230022AF39 /* Images.xcassets in Resources */,
				A473C26C1E5E35DD0022AF39 /* imagenet_comp_graph_label_strings.txt in Resources */,
				A473C2751E5E368C0022AF39 /* MainStoryboard_iPhone.storyboard in Resources */,
				A473C26D1E5E35DD0022AF39 /* tensorflow_inception_graph.pb in Resources */,
			);
			runOnlyForDeploymentPostprocessing = 0;
		};
		A473C2481E5E35530022AF39 /* Resources */ = {
			isa = PBXResourcesBuildPhase;
			buildActionMask = 2147483647;
			files = (
			);
			runOnlyForDeploymentPostprocessing = 0;
		};
		A473C2531E5E35530022AF39 /* Resources */ = {
			isa = PBXResourcesBuildPhase;
			buildActionMask = 2147483647;
			files = (
			);
			runOnlyForDeploymentPostprocessing = 0;
		};
/* End PBXResourcesBuildPhase section */

/* Begin PBXSourcesBuildPhase section */
		A473C22D1E5E35530022AF39 /* Sources */ = {
			isa = PBXSourcesBuildPhase;
			buildActionMask = 2147483647;
			files = (
				A473C2851E5E36960022AF39 /* tensorflow_utils.mm in Sources */,
				A473C2811E5E36960022AF39 /* CameraExampleViewController.mm in Sources */,
				A473C2831E5E36960022AF39 /* ios_image_load.mm in Sources */,
				A473C2801E5E36960022AF39 /* CameraExampleAppDelegate.m in Sources */,
				A473C2841E5E36960022AF39 /* main.mm in Sources */,
			);
			runOnlyForDeploymentPostprocessing = 0;
		};
		A473C2461E5E35530022AF39 /* Sources */ = {
			isa = PBXSourcesBuildPhase;
			buildActionMask = 2147483647;
			files = (
				A473C24F1E5E35530022AF39 /* GazeDemo7Tests.m in Sources */,
			);
			runOnlyForDeploymentPostprocessing = 0;
		};
		A473C2511E5E35530022AF39 /* Sources */ = {
			isa = PBXSourcesBuildPhase;
			buildActionMask = 2147483647;
			files = (
				A473C25A1E5E35530022AF39 /* GazeDemo7UITests.m in Sources */,
			);
			runOnlyForDeploymentPostprocessing = 0;
		};
/* End PBXSourcesBuildPhase section */

/* Begin PBXTargetDependency section */
		A473C24C1E5E35530022AF39 /* PBXTargetDependency */ = {
			isa = PBXTargetDependency;
			target = A473C2301E5E35530022AF39 /* GazeDemo7 */;
			targetProxy = A473C24B1E5E35530022AF39 /* PBXContainerItemProxy */;
		};
		A473C2571E5E35530022AF39 /* PBXTargetDependency */ = {
			isa = PBXTargetDependency;
			target = A473C2301E5E35530022AF39 /* GazeDemo7 */;
			targetProxy = A473C2561E5E35530022AF39 /* PBXContainerItemProxy */;
		};
/* End PBXTargetDependency section */

/* Begin XCBuildConfiguration section */
		A473C25C1E5E35530022AF39 /* Debug */ = {
			isa = XCBuildConfiguration;
			buildSettings = {
				ALWAYS_SEARCH_USER_PATHS = NO;
				CLANG_ANALYZER_NONNULL = YES;
				CLANG_CXX_LANGUAGE_STANDARD = "gnu++0x";
				CLANG_CXX_LIBRARY = "libc++";
				CLANG_ENABLE_MODULES = YES;
				CLANG_ENABLE_OBJC_ARC = YES;
				CLANG_WARN_BOOL_CONVERSION = YES;
				CLANG_WARN_CONSTANT_CONVERSION = YES;
				CLANG_WARN_DIRECT_OBJC_ISA_USAGE = YES_ERROR;
				CLANG_WARN_DOCUMENTATION_COMMENTS = YES;
				CLANG_WARN_EMPTY_BODY = YES;
				CLANG_WARN_ENUM_CONVERSION = YES;
				CLANG_WARN_INFINITE_RECURSION = YES;
				CLANG_WARN_INT_CONVERSION = YES;
				CLANG_WARN_OBJC_ROOT_CLASS = YES_ERROR;
				CLANG_WARN_SUSPICIOUS_MOVE = YES;
				CLANG_WARN_UNREACHABLE_CODE = YES;
				CLANG_WARN__DUPLICATE_METHOD_MATCH = YES;
				"CODE_SIGN_IDENTITY[sdk=iphoneos*]" = "iPhone Developer";
				COPY_PHASE_STRIP = NO;
				DEBUG_INFORMATION_FORMAT = dwarf;
				ENABLE_STRICT_OBJC_MSGSEND = YES;
				ENABLE_TESTABILITY = YES;
				GCC_C_LANGUAGE_STANDARD = gnu99;
				GCC_DYNAMIC_NO_PIC = NO;
				GCC_NO_COMMON_BLOCKS = YES;
				GCC_OPTIMIZATION_LEVEL = 0;
				GCC_PREPROCESSOR_DEFINITIONS = (
					"DEBUG=1",
					"$(inherited)",
				);
				GCC_WARN_64_TO_32_BIT_CONVERSION = YES;
				GCC_WARN_ABOUT_RETURN_TYPE = YES_ERROR;
				GCC_WARN_UNDECLARED_SELECTOR = YES;
				GCC_WARN_UNINITIALIZED_AUTOS = YES_AGGRESSIVE;
				GCC_WARN_UNUSED_FUNCTION = YES;
				GCC_WARN_UNUSED_VARIABLE = YES;
				IPHONEOS_DEPLOYMENT_TARGET = 10.0;
				MTL_ENABLE_DEBUG_INFO = YES;
				ONLY_ACTIVE_ARCH = YES;
				SDKROOT = iphoneos;
			};
			name = Debug;
		};
		A473C25D1E5E35530022AF39 /* Release */ = {
			isa = XCBuildConfiguration;
			buildSettings = {
				ALWAYS_SEARCH_USER_PATHS = NO;
				CLANG_ANALYZER_NONNULL = YES;
				CLANG_CXX_LANGUAGE_STANDARD = "gnu++0x";
				CLANG_CXX_LIBRARY = "libc++";
				CLANG_ENABLE_MODULES = YES;
				CLANG_ENABLE_OBJC_ARC = YES;
				CLANG_WARN_BOOL_CONVERSION = YES;
				CLANG_WARN_CONSTANT_CONVERSION = YES;
				CLANG_WARN_DIRECT_OBJC_ISA_USAGE = YES_ERROR;
				CLANG_WARN_DOCUMENTATION_COMMENTS = YES;
				CLANG_WARN_EMPTY_BODY = YES;
				CLANG_WARN_ENUM_CONVERSION = YES;
				CLANG_WARN_INFINITE_RECURSION = YES;
				CLANG_WARN_INT_CONVERSION = YES;
				CLANG_WARN_OBJC_ROOT_CLASS = YES_ERROR;
				CLANG_WARN_SUSPICIOUS_MOVE = YES;
				CLANG_WARN_UNREACHABLE_CODE = YES;
				CLANG_WARN__DUPLICATE_METHOD_MATCH = YES;
				"CODE_SIGN_IDENTITY[sdk=iphoneos*]" = "iPhone Developer";
				COPY_PHASE_STRIP = NO;
				DEBUG_INFORMATION_FORMAT = "dwarf-with-dsym";
				ENABLE_NS_ASSERTIONS = NO;
				ENABLE_STRICT_OBJC_MSGSEND = YES;
				GCC_C_LANGUAGE_STANDARD = gnu99;
				GCC_NO_COMMON_BLOCKS = YES;
				GCC_WARN_64_TO_32_BIT_CONVERSION = YES;
				GCC_WARN_ABOUT_RETURN_TYPE = YES_ERROR;
				GCC_WARN_UNDECLARED_SELECTOR = YES;
				GCC_WARN_UNINITIALIZED_AUTOS = YES_AGGRESSIVE;
				GCC_WARN_UNUSED_FUNCTION = YES;
				GCC_WARN_UNUSED_VARIABLE = YES;
				IPHONEOS_DEPLOYMENT_TARGET = 10.0;
				MTL_ENABLE_DEBUG_INFO = NO;
				SDKROOT = iphoneos;
				VALIDATE_PRODUCT = YES;
			};
			name = Release;
		};
		A473C25F1E5E35530022AF39 /* Debug */ = {
			isa = XCBuildConfiguration;
			buildSettings = {
				ASSETCATALOG_COMPILER_APPICON_NAME = AppIcon;
				ASSETCATALOG_COMPILER_LAUNCHIMAGE_NAME = LaunchImage;
				CLANG_CXX_LIBRARY = "compiler-default";
				CLANG_ENABLE_OBJC_ARC = NO;
				DEVELOPMENT_TEAM = 3CSCB23S83;
				ENABLE_BITCODE = NO;
				GCC_OPTIMIZATION_LEVEL = fast;
				HEADER_SEARCH_PATHS = (
					/Users/warrenhuffman/tensorflow/tensorflow/contrib/makefile/gen/proto,
					/Users/warrenhuffman/tensorflow/tensorflow/contrib/makefile/downloads,
					/Users/warrenhuffman/tensorflow/tensorflow/contrib/makefile/downloads/eigen,
					/Users/warrenhuffman/tensorflow/tensorflow/contrib/makefile/downloads/protobuf/src/,
					/Users/warrenhuffman/tensorflow/,
				);
				INFOPLIST_FILE = GazeDemo7/Info.plist;
				IPHONEOS_DEPLOYMENT_TARGET = 10.0;
				LD_RUNPATH_SEARCH_PATHS = "$(inherited) @executable_path/Frameworks";
				LIBRARY_SEARCH_PATHS = (
					/Users/warrenhuffman/tensorflow/tensorflow/contrib/makefile/gen/lib,
					/Users/warrenhuffman/tensorflow/tensorflow/contrib/makefile/gen/protobuf_ios/lib,
				);
				ONLY_ACTIVE_ARCH = YES;
				OTHER_LDFLAGS = (
					"-force_load",
					"/Users/warrenhuffman/tensorflow/tensorflow/contrib/makefile/gen/lib/libtensorflow-core.a",
				);
				PRODUCT_BUNDLE_IDENTIFIER = com.LocusTracking.GazeDemo7;
				PRODUCT_NAME = "$(TARGET_NAME)";
				VALID_ARCHS = arm64;
			};
			name = Debug;
		};
		A473C2601E5E35530022AF39 /* Release */ = {
			isa = XCBuildConfiguration;
			buildSettings = {
				ASSETCATALOG_COMPILER_APPICON_NAME = AppIcon;
				ASSETCATALOG_COMPILER_LAUNCHIMAGE_NAME = LaunchImage;
				CLANG_CXX_LIBRARY = "compiler-default";
				CLANG_ENABLE_OBJC_ARC = NO;
				DEVELOPMENT_TEAM = 3CSCB23S83;
				ENABLE_BITCODE = NO;
				HEADER_SEARCH_PATHS = (
					/Users/warrenhuffman/tensorflow/tensorflow/contrib/makefile/gen/proto,
					/Users/warrenhuffman/tensorflow/tensorflow/contrib/makefile/downloads,
					/Users/warrenhuffman/tensorflow/tensorflow/contrib/makefile/downloads/eigen,
					/Users/warrenhuffman/tensorflow/tensorflow/contrib/makefile/downloads/protobuf/src/,
					/Users/warrenhuffman/tensorflow/,
				);
				INFOPLIST_FILE = GazeDemo7/Info.plist;
				IPHONEOS_DEPLOYMENT_TARGET = 10.0;
				LD_RUNPATH_SEARCH_PATHS = "$(inherited) @executable_path/Frameworks";
				LIBRARY_SEARCH_PATHS = (
					/Users/warrenhuffman/tensorflow/tensorflow/contrib/makefile/gen/lib,
					/Users/warrenhuffman/tensorflow/tensorflow/contrib/makefile/gen/protobuf_ios/lib,
				);
				ONLY_ACTIVE_ARCH = YES;
				OTHER_LDFLAGS = (
					"-force_load",
					"/Users/warrenhuffman/tensorflow/tensorflow/contrib/makefile/gen/lib/libtensorflow-core.a",
				);
				PRODUCT_BUNDLE_IDENTIFIER = com.LocusTracking.GazeDemo7;
				PRODUCT_NAME = "$(TARGET_NAME)";
				VALID_ARCHS = arm64;
			};
			name = Release;
		};
		A473C2621E5E35530022AF39 /* Debug */ = {
			isa = XCBuildConfiguration;
			buildSettings = {
				BUNDLE_LOADER = "$(TEST_HOST)";
				DEVELOPMENT_TEAM = 3CSCB23S83;
				INFOPLIST_FILE = GazeDemo7Tests/Info.plist;
				LD_RUNPATH_SEARCH_PATHS = "$(inherited) @executable_path/Frameworks @loader_path/Frameworks";
				PRODUCT_BUNDLE_IDENTIFIER = com.LocusTracking.GazeDemo7Tests;
				PRODUCT_NAME = "$(TARGET_NAME)";
				TEST_HOST = "$(BUILT_PRODUCTS_DIR)/GazeDemo7.app/GazeDemo7";
			};
			name = Debug;
		};
		A473C2631E5E35530022AF39 /* Release */ = {
			isa = XCBuildConfiguration;
			buildSettings = {
				BUNDLE_LOADER = "$(TEST_HOST)";
				DEVELOPMENT_TEAM = 3CSCB23S83;
				INFOPLIST_FILE = GazeDemo7Tests/Info.plist;
				LD_RUNPATH_SEARCH_PATHS = "$(inherited) @executable_path/Frameworks @loader_path/Frameworks";
				PRODUCT_BUNDLE_IDENTIFIER = com.LocusTracking.GazeDemo7Tests;
				PRODUCT_NAME = "$(TARGET_NAME)";
				TEST_HOST = "$(BUILT_PRODUCTS_DIR)/GazeDemo7.app/GazeDemo7";
			};
			name = Release;
		};
		A473C2651E5E35530022AF39 /* Debug */ = {
			isa = XCBuildConfiguration;
			buildSettings = {
				DEVELOPMENT_TEAM = 3CSCB23S83;
				INFOPLIST_FILE = GazeDemo7UITests/Info.plist;
				LD_RUNPATH_SEARCH_PATHS = "$(inherited) @executable_path/Frameworks @loader_path/Frameworks";
				PRODUCT_BUNDLE_IDENTIFIER = com.LocusTracking.GazeDemo7UITests;
				PRODUCT_NAME = "$(TARGET_NAME)";
				TEST_TARGET_NAME = GazeDemo7;
			};
			name = Debug;
		};
		A473C2661E5E35530022AF39 /* Release */ = {
			isa = XCBuildConfiguration;
			buildSettings = {
				DEVELOPMENT_TEAM = 3CSCB23S83;
				INFOPLIST_FILE = GazeDemo7UITests/Info.plist;
				LD_RUNPATH_SEARCH_PATHS = "$(inherited) @executable_path/Frameworks @loader_path/Frameworks";
				PRODUCT_BUNDLE_IDENTIFIER = com.LocusTracking.GazeDemo7UITests;
				PRODUCT_NAME = "$(TARGET_NAME)";
				TEST_TARGET_NAME = GazeDemo7;
			};
			name = Release;
		};
/* End XCBuildConfiguration section */

/* Begin XCConfigurationList section */
		A473C22C1E5E35520022AF39 /* Build configuration list for PBXProject "GazeDemo7" */ = {
			isa = XCConfigurationList;
			buildConfigurations = (
				A473C25C1E5E35530022AF39 /* Debug */,
				A473C25D1E5E35530022AF39 /* Release */,
			);
			defaultConfigurationIsVisible = 0;
			defaultConfigurationName = Release;
		};
		A473C25E1E5E35530022AF39 /* Build configuration list for PBXNativeTarget "GazeDemo7" */ = {
			isa = XCConfigurationList;
			buildConfigurations = (
				A473C25F1E5E35530022AF39 /* Debug */,
				A473C2601E5E35530022AF39 /* Release */,
			);
			defaultConfigurationIsVisible = 0;
		};
		A473C2611E5E35530022AF39 /* Build configuration list for PBXNativeTarget "GazeDemo7Tests" */ = {
			isa = XCConfigurationList;
			buildConfigurations = (
				A473C2621E5E35530022AF39 /* Debug */,
				A473C2631E5E35530022AF39 /* Release */,
			);
			defaultConfigurationIsVisible = 0;
		};
		A473C2641E5E35530022AF39 /* Build configuration list for PBXNativeTarget "GazeDemo7UITests" */ = {
			isa = XCConfigurationList;
			buildConfigurations = (
				A473C2651E5E35530022AF39 /* Debug */,
				A473C2661E5E35530022AF39 /* Release */,
			);
			defaultConfigurationIsVisible = 0;
		};
/* End XCConfigurationList section */
	};
	rootObject = A473C2291E5E35520022AF39 /* Project object */;
}
